dependencies:
- name: postgresql
  repository: oci://registry-1.docker.io/bitnamicharts
  version: 15.5.38
- name: valkey
  repository: oci://registry-1.docker.io/bitnamicharts
  version: 3.0.31
- name: redis
  repository: oci://registry-1.docker.io/bitnamicharts
  version: 19.6.4
digest: sha256:8549661722f8c7e7c0ff66649a63895cdc9c2698a2dac402bdd98d114b570a4d
generated: "2025-08-27T17:56:50.762274667+02:00"
