dependencies:
- name: postgresql
  repository: https://charts.bitnami.com/bitnami
  version: 15.5.10
- name: redis
  repository: https://charts.bitnami.com/bitnami
  version: 19.5.5
digest: sha256:1987422035eb83d10647c04826d9ee984e5675678a683013864a557301b70a2c
generated: "2024-06-25T17:19:37.004734089+02:00"
